<?xml version="1.0" encoding="utf-8"?>
<Project ToolsVersion="4.0" xmlns="http://schemas.microsoft.com/developer/msbuild/2003">
  <ItemGroup>
    <Filter Include="源文件">
      <UniqueIdentifier>{4FC737F1-C7A5-4376-A066-2A32D752A2FF}</UniqueIdentifier>
      <Extensions>cpp;c;cc;cxx;c++;cppm;ixx;def;odl;idl;hpj;bat;asm;asmx</Extensions>
    </Filter>
    <Filter Include="头文件">
      <UniqueIdentifier>{93995380-89BD-4b04-88EB-625FBE52EBFB}</UniqueIdentifier>
      <Extensions>h;hh;hpp;hxx;h++;hm;inl;inc;ipp;xsd</Extensions>
    </Filter>
    <Filter Include="资源文件">
      <UniqueIdentifier>{67DA6AB6-F800-4c08-8B7A-83BB121AAD01}</UniqueIdentifier>
      <Extensions>rc;ico;cur;bmp;dlg;rc2;rct;bin;rgs;gif;jpg;jpeg;jpe;resx;tiff;tif;png;wav;mfcribbon-ms</Extensions>
    </Filter>
    <Filter Include="BYOVD">
      <UniqueIdentifier>{48316cae-883f-4c78-a1cc-ab86b1eb55f9}</UniqueIdentifier>
    </Filter>
    <Filter Include="DriverUtils">
      <UniqueIdentifier>{a606906d-de0d-4601-b49e-c37274c16fe6}</UniqueIdentifier>
    </Filter>
    <Filter Include="MappingDriverBin">
      <UniqueIdentifier>{564c907f-86c3-4870-a5f6-3eaba83fa146}</UniqueIdentifier>
    </Filter>
    <Filter Include="Utils">
      <UniqueIdentifier>{b6a7d9f8-98d6-48f6-9efe-39d7bba61c94}</UniqueIdentifier>
    </Filter>
    <Filter Include="Syscalls">
      <UniqueIdentifier>{5d42286e-e0f8-401a-ac77-e75fac8843bc}</UniqueIdentifier>
    </Filter>
  </ItemGroup>
  <ItemGroup>
    <ClInclude Include="Log.hpp">
      <Filter>头文件</Filter>
    </ClInclude>
    <ClInclude Include="resource.h">
      <Filter>头文件</Filter>
    </ClInclude>
    <ClInclude Include="Singleton.hpp">
      <Filter>头文件</Filter>
    </ClInclude>
    <ClInclude Include="va2pa.h">
      <Filter>头文件</Filter>
    </ClInclude>
    <ClInclude Include="SuperFetch.h">
      <Filter>头文件</Filter>
    </ClInclude>
    <ClInclude Include="MappingDriverBin.hpp">
      <Filter>MappingDriverBin</Filter>
    </ClInclude>
    <ClInclude Include="DriverUtils\DriverLoader.h">
      <Filter>DriverUtils</Filter>
    </ClInclude>
    <ClInclude Include="DriverUtils\DriverProvider.hpp">
      <Filter>DriverUtils</Filter>
    </ClInclude>
    <ClInclude Include="DriverUtils\DriverService.hpp">
      <Filter>DriverUtils</Filter>
    </ClInclude>
    <ClInclude Include="DriverUtils\DriverWorker.hpp">
      <Filter>DriverUtils</Filter>
    </ClInclude>
    <ClInclude Include="DriverUtils\ObjectProxy.hpp">
      <Filter>DriverUtils</Filter>
    </ClInclude>
    <ClInclude Include="BYOVD\BiosToolCommonDriver.h">
      <Filter>BYOVD</Filter>
    </ClInclude>
    <ClInclude Include="BYOVD\BiosToolCommonDriverBin.hpp">
      <Filter>BYOVD</Filter>
    </ClInclude>
    <ClInclude Include="BYOVD\BootRepair.h">
      <Filter>BYOVD</Filter>
    </ClInclude>
    <ClInclude Include="BYOVD\BootRepairBin.hpp">
      <Filter>BYOVD</Filter>
    </ClInclude>
    <ClInclude Include="BYOVD\CorMem.h">
      <Filter>BYOVD</Filter>
    </ClInclude>
    <ClInclude Include="BYOVD\CorMemBin.hpp">
      <Filter>BYOVD</Filter>
    </ClInclude>
    <ClInclude Include="Utils\FileUtils.hpp">
      <Filter>Utils</Filter>
    </ClInclude>
    <ClInclude Include="Utils\KernelUtils.hpp">
      <Filter>Utils</Filter>
    </ClInclude>
    <ClInclude Include="Utils\PEUtils.hpp">
      <Filter>Utils</Filter>
    </ClInclude>
    <ClInclude Include="Utils\Utils.hpp">
      <Filter>Utils</Filter>
    </ClInclude>
    <ClInclude Include="BYOVD\PGRHostControl.h">
      <Filter>BYOVD</Filter>
    </ClInclude>
    <ClInclude Include="BYOVD\PGRHostControlBin.hpp">
      <Filter>BYOVD</Filter>
    </ClInclude>
    <ClInclude Include="BYOVD\GGProtect64.h">
      <Filter>BYOVD</Filter>
    </ClInclude>
    <ClInclude Include="BYOVD\GGProtect64Bin.hpp">
      <Filter>BYOVD</Filter>
    </ClInclude>
    <ClInclude Include="BYOVD\ProcessCtr.h">
      <Filter>BYOVD</Filter>
    </ClInclude>
    <ClInclude Include="BYOVD\ProcessCtrBin.hpp">
      <Filter>BYOVD</Filter>
    </ClInclude>
    <ClInclude Include="DriverUtils\DriverSelector.hpp">
      <Filter>DriverUtils</Filter>
    </ClInclude>
    <ClInclude Include="BYOVD\KslD.h">
      <Filter>BYOVD</Filter>
    </ClInclude>
    <ClInclude Include="BYOVD\KslDBin.hpp">
      <Filter>BYOVD</Filter>
    </ClInclude>
    <ClInclude Include="Syscalls\SCSyscalls.h">
      <Filter>Syscalls</Filter>
    </ClInclude>
    <ClInclude Include="DriverUtils\DriverKiller.hpp">
      <Filter>DriverUtils</Filter>
    </ClInclude>
    <ClInclude Include="BYOVD\WinMsrDev.h">
      <Filter>BYOVD</Filter>
    </ClInclude>
    <ClInclude Include="BYOVD\WinMsrDevBin.hpp">
      <Filter>BYOVD</Filter>
    </ClInclude>
    <ClInclude Include="BYOVD\Ardrv.h">
      <Filter>BYOVD</Filter>
    </ClInclude>
    <ClInclude Include="BYOVD\ArdrvBin.hpp">
      <Filter>BYOVD</Filter>
    </ClInclude>
    <ClInclude Include="BYOVD\MyPortIODev.h">
      <Filter>BYOVD</Filter>
    </ClInclude>
    <ClInclude Include="BYOVD\MyPortIODevBin.hpp">
      <Filter>BYOVD</Filter>
    </ClInclude>
    <ClInclude Include="BYOVD\HWAudioX64.h">
      <Filter>BYOVD</Filter>
    </ClInclude>
    <ClInclude Include="BYOVD\HWAudioX64Bin.hpp">
      <Filter>BYOVD</Filter>
    </ClInclude>
    <ClInclude Include="DriverUtils\ForceDeleteFile.hpp">
      <Filter>DriverUtils</Filter>
    </ClInclude>
    <ClInclude Include="BYOVD\IMFForceDelete123.h">
      <Filter>BYOVD</Filter>
    </ClInclude>
    <ClInclude Include="BYOVD\IMFForceDelete123Bin.hpp">
      <Filter>BYOVD</Filter>
    </ClInclude>
  </ItemGroup>
  <ItemGroup>
    <ClCompile Include="Main.cpp">
      <Filter>源文件</Filter>
    </ClCompile>
    <ClCompile Include="Singleton.cpp">
      <Filter>源文件</Filter>
    </ClCompile>
    <ClCompile Include="DriverUtils\DriverLoader.cpp">
      <Filter>DriverUtils</Filter>
    </ClCompile>
    <ClCompile Include="DriverUtils\DriverProvider.cpp">
      <Filter>DriverUtils</Filter>
    </ClCompile>
    <ClCompile Include="DriverUtils\DriverService.cpp">
      <Filter>DriverUtils</Filter>
    </ClCompile>
    <ClCompile Include="DriverUtils\DriverWorker.cpp">
      <Filter>DriverUtils</Filter>
    </ClCompile>
    <ClCompile Include="BYOVD\BiosToolCommonDriver.cpp">
      <Filter>BYOVD</Filter>
    </ClCompile>
    <ClCompile Include="BYOVD\BootRepair.cpp">
      <Filter>BYOVD</Filter>
    </ClCompile>
    <ClCompile Include="BYOVD\CorMem.cpp">
      <Filter>BYOVD</Filter>
    </ClCompile>
    <ClCompile Include="Utils\FileUtils.cpp">
      <Filter>Utils</Filter>
    </ClCompile>
    <ClCompile Include="Utils\KernelUtils.cpp">
      <Filter>Utils</Filter>
    </ClCompile>
    <ClCompile Include="Utils\PEUtils.cpp">
      <Filter>Utils</Filter>
    </ClCompile>
    <ClCompile Include="Utils\Utils.cpp">
      <Filter>Utils</Filter>
    </ClCompile>
    <ClCompile Include="BYOVD\PGRHostControl.cpp">
      <Filter>BYOVD</Filter>
    </ClCompile>
    <ClCompile Include="BYOVD\GGProtect64.cpp">
      <Filter>BYOVD</Filter>
    </ClCompile>
    <ClCompile Include="BYOVD\ProcessCtr.cpp">
      <Filter>BYOVD</Filter>
    </ClCompile>
    <ClCompile Include="BYOVD\KslD.cpp">
      <Filter>BYOVD</Filter>
    </ClCompile>
    <ClCompile Include="Syscalls\SCSyscalls.c">
      <Filter>Syscalls</Filter>
    </ClCompile>
    <ClCompile Include="BYOVD\WinMsrDev.cpp">
      <Filter>BYOVD</Filter>
    </ClCompile>
    <ClCompile Include="BYOVD\Ardrv.cpp">
      <Filter>BYOVD</Filter>
    </ClCompile>
    <ClCompile Include="BYOVD\MyPortIODev.cpp">
      <Filter>BYOVD</Filter>
    </ClCompile>
    <ClCompile Include="BYOVD\HWAudioX64.cpp">
      <Filter>BYOVD</Filter>
    </ClCompile>
    <ClCompile Include="BYOVD\IMFForceDelete123.cpp">
      <Filter>BYOVD</Filter>
    </ClCompile>
  </ItemGroup>
  <ItemGroup>
    <ResourceCompile Include="DriverLoader.rc">
      <Filter>资源文件</Filter>
    </ResourceCompile>
  </ItemGroup>
  <ItemGroup>
    <Image Include="BinaryEvil.ico">
      <Filter>资源文件</Filter>
    </Image>
  </ItemGroup>
  <ItemGroup>
    <MASM Include="Syscalls\SCSyscallsMscc.asm">
      <Filter>Syscalls</Filter>
    </MASM>
  </ItemGroup>
</Project>